
Microsoft Visual Studio Solution File, Format Version 12.00
# Visual Studio Version 17
VisualStudioVersion = 17.5.33502.453
MinimumVisualStudioVersion = 10.0.40219.1
Project("{2150E333-8FDC-42A3-9474-1A3956D46DE8}") = "src", "src", "{3CFB13C9-0598-4BC8-8F42-9C7EBCE39ACC}"
EndProject
Project("{2150E333-8FDC-42A3-9474-1A3956D46DE8}") = "test", "test", "{CEFBEC77-41EA-4641-AA80-6D81BF4F0A2C}"
EndProject
Project("{2150E333-8FDC-42A3-9474-1A3956D46DE8}") = "UI", "UI", "{1FC90C75-C0F6-40E8-A32A-EE52A1062A9C}"
EndProject
Project("{2150E333-8FDC-42A3-9474-1A3956D46DE8}") = "Core", "Core", "{E7E80611-870A-48E8-8272-71C6DEB9D18E}"
EndProject
Project("{2150E333-8FDC-42A3-9474-1A3956D46DE8}") = "Infrastructure", "Infrastructure", "{6618D857-74EA-4ADA-AC33-B53C4B7C72C8}"
EndProject
Project("{2150E333-8FDC-42A3-9474-1A3956D46DE8}") = "API", "API", "{EF8B0B33-1B4C-4056-AD6A-729C5C9E813B}"
EndProject
Project("{FAE04EC0-301F-11D3-BF4B-00C04F79EFBC}") = "HR.LeaveManagement.Domain", "HR.LeaveManagement.Domain\HR.LeaveManagement.Domain.csproj", "{3D259028-013E-4451-8486-8B05536687B7}"
EndProject
Global
	GlobalSection(SolutionConfigurationPlatforms) = preSolution
		Debug|Any CPU = Debug|Any CPU
		Release|Any CPU = Release|Any CPU
	EndGlobalSection
	GlobalSection(ProjectConfigurationPlatforms) = postSolution
		{3D259028-013E-4451-8486-8B05536687B7}.Debug|Any CPU.ActiveCfg = Debug|Any CPU
		{3D259028-013E-4451-8486-8B05536687B7}.Debug|Any CPU.Build.0 = Debug|Any CPU
		{3D259028-013E-4451-8486-8B05536687B7}.Release|Any CPU.ActiveCfg = Release|Any CPU
		{3D259028-013E-4451-8486-8B05536687B7}.Release|Any CPU.Build.0 = Release|Any CPU
	EndGlobalSection
	GlobalSection(SolutionProperties) = preSolution
		HideSolutionNode = FALSE
	EndGlobalSection
	GlobalSection(NestedProjects) = preSolution
		{1FC90C75-C0F6-40E8-A32A-EE52A1062A9C} = {3CFB13C9-0598-4BC8-8F42-9C7EBCE39ACC}
		{E7E80611-870A-48E8-8272-71C6DEB9D18E} = {3CFB13C9-0598-4BC8-8F42-9C7EBCE39ACC}
		{6618D857-74EA-4ADA-AC33-B53C4B7C72C8} = {3CFB13C9-0598-4BC8-8F42-9C7EBCE39ACC}
		{EF8B0B33-1B4C-4056-AD6A-729C5C9E813B} = {3CFB13C9-0598-4BC8-8F42-9C7EBCE39ACC}
		{3D259028-013E-4451-8486-8B05536687B7} = {E7E80611-870A-48E8-8272-71C6DEB9D18E}
	EndGlobalSection
	GlobalSection(ExtensibilityGlobals) = postSolution
		SolutionGuid = {33659253-219B-4AA2-AAD2-39AB2CAB6AEF}
	EndGlobalSection
EndGlobal
